
Microsoft Visual Studio Solution File, Format Version 12.00
# Visual Studio 14
VisualStudioVersion = 14.0.24720.0
MinimumVisualStudioVersion = 10.0.40219.1
Project("{8BC9CEB8-8B4A-11D0-8D11-00A0C91BC942}") = "01a", "01\01a.vcxproj", "{BD987412-10F8-4101-BE89-2A9BB2C84E0A}"
EndProject
Project("{2150E333-8FDC-42A3-9474-1A3956D46DE8}") = "common", "common", "{90091C3D-E1C9-4A6F-88FE-312A369D54D5}"
	ProjectSection(SolutionItems) = preProject
		common\InputReader.hpp = common\InputReader.hpp
	EndProjectSection
EndProject
Project("{2150E333-8FDC-42A3-9474-1A3956D46DE8}") = "advent2016", "advent2016", "{B1AFED1B-8EF2-4060-B719-23D1ADFAA713}"
	ProjectSection(SolutionItems) = preProject
		advent2016\GridMoveParser.hpp = advent2016\GridMoveParser.hpp
		advent2016\KeypadMoveParser.hpp = advent2016\KeypadMoveParser.hpp
		advent2016\RoomValidator.hpp = advent2016\RoomValidator.hpp
		advent2016\TriangleValidator.hpp = advent2016\TriangleValidator.hpp
	EndProjectSection
EndProject
Project("{8BC9CEB8-8B4A-11D0-8D11-00A0C91BC942}") = "template", "template\template.vcxproj", "{8ACAF4E0-E496-4DEE-858B-CEB990EEDD84}"
EndProject
Project("{2150E333-8FDC-42A3-9474-1A3956D46DE8}") = "01-05", "01-05", "{D10AE141-88EB-41BB-8722-9EE0C83705B0}"
EndProject
Project("{2150E333-8FDC-42A3-9474-1A3956D46DE8}") = "06-10", "06-10", "{3B252197-C677-46BB-A83E-39041B8D4E1E}"
EndProject
Project("{2150E333-8FDC-42A3-9474-1A3956D46DE8}") = "11-15", "11-15", "{A89778CE-E809-41EF-94E8-39EB4FDD909B}"
EndProject
Project("{2150E333-8FDC-42A3-9474-1A3956D46DE8}") = "16-20", "16-20", "{644D4EE4-4A43-45F4-A026-D41507182C7B}"
EndProject
Project("{2150E333-8FDC-42A3-9474-1A3956D46DE8}") = "21-25", "21-25", "{6EF6E453-B74A-47AF-9202-5D067226A091}"
EndProject
Project("{8BC9CEB8-8B4A-11D0-8D11-00A0C91BC942}") = "02a", "02\02a.vcxproj", "{FB2603C3-8184-4CC5-80BA-5B8DA927BF43}"
EndProject
Project("{8BC9CEB8-8B4A-11D0-8D11-00A0C91BC942}") = "03a", "03\03a.vcxproj", "{89A340EE-2170-420B-BCA6-B76B7CD57EDE}"
EndProject
Project("{8BC9CEB8-8B4A-11D0-8D11-00A0C91BC942}") = "04a", "04\04a.vcxproj", "{72022CB1-4D29-4476-96B5-114D608E9791}"
EndProject
Project("{8BC9CEB8-8B4A-11D0-8D11-00A0C91BC942}") = "05a", "05\05a.vcxproj", "{A3CEDE96-9338-440B-AC63-2047C74553E8}"
EndProject
Project("{8BC9CEB8-8B4A-11D0-8D11-00A0C91BC942}") = "01b", "01\01b.vcxproj", "{DEE2C1E5-EC84-4F6D-AF1E-493967BFF4E2}"
EndProject
Project("{8BC9CEB8-8B4A-11D0-8D11-00A0C91BC942}") = "02b", "02\02b.vcxproj", "{67110082-A72D-43E5-A6E1-9274AFAD3DE7}"
EndProject
Project("{8BC9CEB8-8B4A-11D0-8D11-00A0C91BC942}") = "03b", "03\03b.vcxproj", "{8BE6D713-0601-4695-B579-7DE5606D4131}"
EndProject
Project("{8BC9CEB8-8B4A-11D0-8D11-00A0C91BC942}") = "04b", "04\04b.vcxproj", "{1FF2EA11-63DF-4E5C-9B93-62607849B6D1}"
EndProject
Project("{8BC9CEB8-8B4A-11D0-8D11-00A0C91BC942}") = "05b", "05\05b.vcxproj", "{3AACD5E0-CA96-460C-B16E-9E98045B7C98}"
EndProject
Project("{8BC9CEB8-8B4A-11D0-8D11-00A0C91BC942}") = "advent2016-tests", "advent2016-tests\advent2016-tests.vcxproj", "{40B987ED-C973-453C-A08D-C051901765A7}"
EndProject
Global
	GlobalSection(SolutionConfigurationPlatforms) = preSolution
		Debug|x64 = Debug|x64
		Debug|x86 = Debug|x86
		Release|x64 = Release|x64
		Release|x86 = Release|x86
	EndGlobalSection
	GlobalSection(ProjectConfigurationPlatforms) = postSolution
		{BD987412-10F8-4101-BE89-2A9BB2C84E0A}.Debug|x64.ActiveCfg = Debug|x64
		{BD987412-10F8-4101-BE89-2A9BB2C84E0A}.Debug|x64.Build.0 = Debug|x64
		{BD987412-10F8-4101-BE89-2A9BB2C84E0A}.Debug|x86.ActiveCfg = Debug|Win32
		{BD987412-10F8-4101-BE89-2A9BB2C84E0A}.Debug|x86.Build.0 = Debug|Win32
		{BD987412-10F8-4101-BE89-2A9BB2C84E0A}.Release|x64.ActiveCfg = Release|x64
		{BD987412-10F8-4101-BE89-2A9BB2C84E0A}.Release|x64.Build.0 = Release|x64
		{BD987412-10F8-4101-BE89-2A9BB2C84E0A}.Release|x86.ActiveCfg = Release|Win32
		{BD987412-10F8-4101-BE89-2A9BB2C84E0A}.Release|x86.Build.0 = Release|Win32
		{8ACAF4E0-E496-4DEE-858B-CEB990EEDD84}.Debug|x64.ActiveCfg = Debug|x64
		{8ACAF4E0-E496-4DEE-858B-CEB990EEDD84}.Debug|x64.Build.0 = Debug|x64
		{8ACAF4E0-E496-4DEE-858B-CEB990EEDD84}.Debug|x86.ActiveCfg = Debug|Win32
		{8ACAF4E0-E496-4DEE-858B-CEB990EEDD84}.Debug|x86.Build.0 = Debug|Win32
		{8ACAF4E0-E496-4DEE-858B-CEB990EEDD84}.Release|x64.ActiveCfg = Release|x64
		{8ACAF4E0-E496-4DEE-858B-CEB990EEDD84}.Release|x64.Build.0 = Release|x64
		{8ACAF4E0-E496-4DEE-858B-CEB990EEDD84}.Release|x86.ActiveCfg = Release|Win32
		{8ACAF4E0-E496-4DEE-858B-CEB990EEDD84}.Release|x86.Build.0 = Release|Win32
		{FB2603C3-8184-4CC5-80BA-5B8DA927BF43}.Debug|x64.ActiveCfg = Debug|x64
		{FB2603C3-8184-4CC5-80BA-5B8DA927BF43}.Debug|x64.Build.0 = Debug|x64
		{FB2603C3-8184-4CC5-80BA-5B8DA927BF43}.Debug|x86.ActiveCfg = Debug|Win32
		{FB2603C3-8184-4CC5-80BA-5B8DA927BF43}.Debug|x86.Build.0 = Debug|Win32
		{FB2603C3-8184-4CC5-80BA-5B8DA927BF43}.Release|x64.ActiveCfg = Release|x64
		{FB2603C3-8184-4CC5-80BA-5B8DA927BF43}.Release|x64.Build.0 = Release|x64
		{FB2603C3-8184-4CC5-80BA-5B8DA927BF43}.Release|x86.ActiveCfg = Release|Win32
		{FB2603C3-8184-4CC5-80BA-5B8DA927BF43}.Release|x86.Build.0 = Release|Win32
		{89A340EE-2170-420B-BCA6-B76B7CD57EDE}.Debug|x64.ActiveCfg = Debug|x64
		{89A340EE-2170-420B-BCA6-B76B7CD57EDE}.Debug|x64.Build.0 = Debug|x64
		{89A340EE-2170-420B-BCA6-B76B7CD57EDE}.Debug|x86.ActiveCfg = Debug|Win32
		{89A340EE-2170-420B-BCA6-B76B7CD57EDE}.Debug|x86.Build.0 = Debug|Win32
		{89A340EE-2170-420B-BCA6-B76B7CD57EDE}.Release|x64.ActiveCfg = Release|x64
		{89A340EE-2170-420B-BCA6-B76B7CD57EDE}.Release|x64.Build.0 = Release|x64
		{89A340EE-2170-420B-BCA6-B76B7CD57EDE}.Release|x86.ActiveCfg = Release|Win32
		{89A340EE-2170-420B-BCA6-B76B7CD57EDE}.Release|x86.Build.0 = Release|Win32
		{72022CB1-4D29-4476-96B5-114D608E9791}.Debug|x64.ActiveCfg = Debug|x64
		{72022CB1-4D29-4476-96B5-114D608E9791}.Debug|x64.Build.0 = Debug|x64
		{72022CB1-4D29-4476-96B5-114D608E9791}.Debug|x86.ActiveCfg = Debug|Win32
		{72022CB1-4D29-4476-96B5-114D608E9791}.Debug|x86.Build.0 = Debug|Win32
		{72022CB1-4D29-4476-96B5-114D608E9791}.Release|x64.ActiveCfg = Release|x64
		{72022CB1-4D29-4476-96B5-114D608E9791}.Release|x64.Build.0 = Release|x64
		{72022CB1-4D29-4476-96B5-114D608E9791}.Release|x86.ActiveCfg = Release|Win32
		{72022CB1-4D29-4476-96B5-114D608E9791}.Release|x86.Build.0 = Release|Win32
		{A3CEDE96-9338-440B-AC63-2047C74553E8}.Debug|x64.ActiveCfg = Debug|x64
		{A3CEDE96-9338-440B-AC63-2047C74553E8}.Debug|x64.Build.0 = Debug|x64
		{A3CEDE96-9338-440B-AC63-2047C74553E8}.Debug|x86.ActiveCfg = Debug|Win32
		{A3CEDE96-9338-440B-AC63-2047C74553E8}.Debug|x86.Build.0 = Debug|Win32
		{A3CEDE96-9338-440B-AC63-2047C74553E8}.Release|x64.ActiveCfg = Release|x64
		{A3CEDE96-9338-440B-AC63-2047C74553E8}.Release|x64.Build.0 = Release|x64
		{A3CEDE96-9338-440B-AC63-2047C74553E8}.Release|x86.ActiveCfg = Release|Win32
		{A3CEDE96-9338-440B-AC63-2047C74553E8}.Release|x86.Build.0 = Release|Win32
		{DEE2C1E5-EC84-4F6D-AF1E-493967BFF4E2}.Debug|x64.ActiveCfg = Debug|x64
		{DEE2C1E5-EC84-4F6D-AF1E-493967BFF4E2}.Debug|x64.Build.0 = Debug|x64
		{DEE2C1E5-EC84-4F6D-AF1E-493967BFF4E2}.Debug|x86.ActiveCfg = Debug|Win32
		{DEE2C1E5-EC84-4F6D-AF1E-493967BFF4E2}.Debug|x86.Build.0 = Debug|Win32
		{DEE2C1E5-EC84-4F6D-AF1E-493967BFF4E2}.Release|x64.ActiveCfg = Release|x64
		{DEE2C1E5-EC84-4F6D-AF1E-493967BFF4E2}.Release|x64.Build.0 = Release|x64
		{DEE2C1E5-EC84-4F6D-AF1E-493967BFF4E2}.Release|x86.ActiveCfg = Release|Win32
		{DEE2C1E5-EC84-4F6D-AF1E-493967BFF4E2}.Release|x86.Build.0 = Release|Win32
		{67110082-A72D-43E5-A6E1-9274AFAD3DE7}.Debug|x64.ActiveCfg = Debug|x64
		{67110082-A72D-43E5-A6E1-9274AFAD3DE7}.Debug|x64.Build.0 = Debug|x64
		{67110082-A72D-43E5-A6E1-9274AFAD3DE7}.Debug|x86.ActiveCfg = Debug|Win32
		{67110082-A72D-43E5-A6E1-9274AFAD3DE7}.Debug|x86.Build.0 = Debug|Win32
		{67110082-A72D-43E5-A6E1-9274AFAD3DE7}.Release|x64.ActiveCfg = Release|x64
		{67110082-A72D-43E5-A6E1-9274AFAD3DE7}.Release|x64.Build.0 = Release|x64
		{67110082-A72D-43E5-A6E1-9274AFAD3DE7}.Release|x86.ActiveCfg = Release|Win32
		{67110082-A72D-43E5-A6E1-9274AFAD3DE7}.Release|x86.Build.0 = Release|Win32
		{8BE6D713-0601-4695-B579-7DE5606D4131}.Debug|x64.ActiveCfg = Debug|x64
		{8BE6D713-0601-4695-B579-7DE5606D4131}.Debug|x64.Build.0 = Debug|x64
		{8BE6D713-0601-4695-B579-7DE5606D4131}.Debug|x86.ActiveCfg = Debug|Win32
		{8BE6D713-0601-4695-B579-7DE5606D4131}.Debug|x86.Build.0 = Debug|Win32
		{8BE6D713-0601-4695-B579-7DE5606D4131}.Release|x64.ActiveCfg = Release|x64
		{8BE6D713-0601-4695-B579-7DE5606D4131}.Release|x64.Build.0 = Release|x64
		{8BE6D713-0601-4695-B579-7DE5606D4131}.Release|x86.ActiveCfg = Release|Win32
		{8BE6D713-0601-4695-B579-7DE5606D4131}.Release|x86.Build.0 = Release|Win32
		{1FF2EA11-63DF-4E5C-9B93-62607849B6D1}.Debug|x64.ActiveCfg = Debug|x64
		{1FF2EA11-63DF-4E5C-9B93-62607849B6D1}.Debug|x64.Build.0 = Debug|x64
		{1FF2EA11-63DF-4E5C-9B93-62607849B6D1}.Debug|x86.ActiveCfg = Debug|Win32
		{1FF2EA11-63DF-4E5C-9B93-62607849B6D1}.Debug|x86.Build.0 = Debug|Win32
		{1FF2EA11-63DF-4E5C-9B93-62607849B6D1}.Release|x64.ActiveCfg = Release|x64
		{1FF2EA11-63DF-4E5C-9B93-62607849B6D1}.Release|x64.Build.0 = Release|x64
		{1FF2EA11-63DF-4E5C-9B93-62607849B6D1}.Release|x86.ActiveCfg = Release|Win32
		{1FF2EA11-63DF-4E5C-9B93-62607849B6D1}.Release|x86.Build.0 = Release|Win32
		{3AACD5E0-CA96-460C-B16E-9E98045B7C98}.Debug|x64.ActiveCfg = Debug|x64
		{3AACD5E0-CA96-460C-B16E-9E98045B7C98}.Debug|x64.Build.0 = Debug|x64
		{3AACD5E0-CA96-460C-B16E-9E98045B7C98}.Debug|x86.ActiveCfg = Debug|Win32
		{3AACD5E0-CA96-460C-B16E-9E98045B7C98}.Debug|x86.Build.0 = Debug|Win32
		{3AACD5E0-CA96-460C-B16E-9E98045B7C98}.Release|x64.ActiveCfg = Release|x64
		{3AACD5E0-CA96-460C-B16E-9E98045B7C98}.Release|x64.Build.0 = Release|x64
		{3AACD5E0-CA96-460C-B16E-9E98045B7C98}.Release|x86.ActiveCfg = Release|Win32
		{3AACD5E0-CA96-460C-B16E-9E98045B7C98}.Release|x86.Build.0 = Release|Win32
		{40B987ED-C973-453C-A08D-C051901765A7}.Debug|x64.ActiveCfg = Debug|x64
		{40B987ED-C973-453C-A08D-C051901765A7}.Debug|x64.Build.0 = Debug|x64
		{40B987ED-C973-453C-A08D-C051901765A7}.Debug|x86.ActiveCfg = Debug|Win32
		{40B987ED-C973-453C-A08D-C051901765A7}.Debug|x86.Build.0 = Debug|Win32
		{40B987ED-C973-453C-A08D-C051901765A7}.Release|x64.ActiveCfg = Release|x64
		{40B987ED-C973-453C-A08D-C051901765A7}.Release|x64.Build.0 = Release|x64
		{40B987ED-C973-453C-A08D-C051901765A7}.Release|x86.ActiveCfg = Release|Win32
		{40B987ED-C973-453C-A08D-C051901765A7}.Release|x86.Build.0 = Release|Win32
	EndGlobalSection
	GlobalSection(SolutionProperties) = preSolution
		HideSolutionNode = FALSE
	EndGlobalSection
	GlobalSection(NestedProjects) = preSolution
		{BD987412-10F8-4101-BE89-2A9BB2C84E0A} = {D10AE141-88EB-41BB-8722-9EE0C83705B0}
		{FB2603C3-8184-4CC5-80BA-5B8DA927BF43} = {D10AE141-88EB-41BB-8722-9EE0C83705B0}
		{89A340EE-2170-420B-BCA6-B76B7CD57EDE} = {D10AE141-88EB-41BB-8722-9EE0C83705B0}
		{72022CB1-4D29-4476-96B5-114D608E9791} = {D10AE141-88EB-41BB-8722-9EE0C83705B0}
		{A3CEDE96-9338-440B-AC63-2047C74553E8} = {D10AE141-88EB-41BB-8722-9EE0C83705B0}
		{DEE2C1E5-EC84-4F6D-AF1E-493967BFF4E2} = {D10AE141-88EB-41BB-8722-9EE0C83705B0}
		{67110082-A72D-43E5-A6E1-9274AFAD3DE7} = {D10AE141-88EB-41BB-8722-9EE0C83705B0}
		{8BE6D713-0601-4695-B579-7DE5606D4131} = {D10AE141-88EB-41BB-8722-9EE0C83705B0}
		{1FF2EA11-63DF-4E5C-9B93-62607849B6D1} = {D10AE141-88EB-41BB-8722-9EE0C83705B0}
		{3AACD5E0-CA96-460C-B16E-9E98045B7C98} = {D10AE141-88EB-41BB-8722-9EE0C83705B0}
	EndGlobalSection
EndGlobal
